
Microsoft Visual Studio Solution File, Format Version 12.00
# Visual Studio Version 17
VisualStudioVersion = 17.0.32126.317
MinimumVisualStudioVersion = 10.0.40219.1
Project("{FAE04EC0-301F-11D3-BF4B-00C04F79EFBC}") = "Another YW 4 Save Editor", "Another YW 4 Save Editor\Another YW 4 Save Editor.csproj", "{BD70A5FB-96FB-4479-9261-77D7D921DA66}"
EndProject
Global
	GlobalSection(SolutionConfigurationPlatforms) = preSolution
		Debug|Any CPU = Debug|Any CPU
		Release|Any CPU = Release|Any CPU
	EndGlobalSection
	GlobalSection(ProjectConfigurationPlatforms) = postSolution
		{BD70A5FB-96FB-4479-9261-77D7D921DA66}.Debug|Any CPU.ActiveCfg = Debug|Any CPU
		{BD70A5FB-96FB-4479-9261-77D7D921DA66}.Debug|Any CPU.Build.0 = Debug|Any CPU
		{BD70A5FB-96FB-4479-9261-77D7D921DA66}.Release|Any CPU.ActiveCfg = Release|Any CPU
		{BD70A5FB-96FB-4479-9261-77D7D921DA66}.Release|Any CPU.Build.0 = Release|Any CPU
	EndGlobalSection
	GlobalSection(SolutionProperties) = preSolution
		HideSolutionNode = FALSE
	EndGlobalSection
	GlobalSection(ExtensibilityGlobals) = postSolution
		SolutionGuid = {AB1F996A-616E-4929-BAA1-DA8B313E160F}
	EndGlobalSection
EndGlobal
